<?xml version="1.0" encoding="utf-8"?>
<Project ToolsVersion="4.0" xmlns="http://schemas.microsoft.com/developer/msbuild/2003">
  <ItemGroup>
    <CudaCompile Include="main.cu" />
  </ItemGroup>
  <ItemGroup>
    <Text Include="notes.txt" />
    <Text Include="GSE10158_q.txt">
      <Filter>graph_files</Filter>
    </Text>
    <Text Include="Enron_q.txt">
      <Filter>graph_files</Filter>
    </Text>
    <Text Include="graph8.txt">
      <Filter>graph_files</Filter>
    </Text>
    <Text Include="GSE1730_q.txt">
      <Filter>graph_files</Filter>
    </Text>
    <Text Include="lastfm.txt">
      <Filter>graph_files</Filter>
    </Text>
  </ItemGroup>
  <ItemGroup>
    <Image Include="DS_Diagram.jpg" />
  </ItemGroup>
  <ItemGroup>
    <Filter Include="graph_files">
      <UniqueIdentifier>{eaef58fd-e79e-4f61-bddb-736bb2ff83dd}</UniqueIdentifier>
    </Filter>
  </ItemGroup>
</Project>